
Microsoft Visual Studio Solution File, Format Version 12.00
# Visual Studio 14
VisualStudioVersion = 14.0.25420.1
MinimumVisualStudioVersion = 10.0.40219.1
Project("{2150E333-8FDC-42A3-9474-1A3956D46DE8}") = "Client", "Client", "{934490D7-75FF-4B71-A4A2-3E6645075328}"
EndProject
Project("{2150E333-8FDC-42A3-9474-1A3956D46DE8}") = "Test", "Test", "{D0BCA221-3F78-44D5-9197-F74AD44F2B59}"
EndProject
Project("{FAE04EC0-301F-11D3-BF4B-00C04F79EFBC}") = "DrumsAcademy.WebForms", "DrumsAcademy.WebForms\DrumsAcademy.WebForms.csproj", "{4C32FAED-9C8A-47E0-8DDF-D930C30C02A5}"
EndProject
Project("{2150E333-8FDC-42A3-9474-1A3956D46DE8}") = "Data", "Data", "{79C5A53A-68E0-437B-9942-3065D8584FE4}"
EndProject
Project("{FAE04EC0-301F-11D3-BF4B-00C04F79EFBC}") = "DrumsAcademy.Models", "DrumsAcademy.Models\DrumsAcademy.Models.csproj", "{69FFE1AE-7AC8-4520-BBF1-AF735A2FCE38}"
EndProject
Project("{2150E333-8FDC-42A3-9474-1A3956D46DE8}") = "Core", "Core", "{75C82987-876D-4A3A-8453-AE8710BCC740}"
EndProject
Project("{FAE04EC0-301F-11D3-BF4B-00C04F79EFBC}") = "DrumsAcademy.Common", "DrumsAcademy.Common\DrumsAcademy.Common.csproj", "{F377A03D-159D-46E1-BDD2-A0E83468E0F5}"
EndProject
Project("{2150E333-8FDC-42A3-9474-1A3956D46DE8}") = "Auth", "Auth", "{A4A7DD98-44C9-4C16-97BD-AA67B4368FE3}"
EndProject
Project("{FAE04EC0-301F-11D3-BF4B-00C04F79EFBC}") = "DrumsAcademy.Authentication", "DrumsAcademy.Authentication\DrumsAcademy.Authentication.csproj", "{F550C2A6-2D23-4D8C-8050-3C27364441D4}"
EndProject
Project("{2150E333-8FDC-42A3-9474-1A3956D46DE8}") = "Helpers", "Helpers", "{A7EABFC6-4D7F-4B12-9BC6-DA832785B36D}"
EndProject
Project("{2150E333-8FDC-42A3-9474-1A3956D46DE8}") = "MVP", "MVP", "{A50BF568-31B5-415E-841E-F992EF9A996A}"
EndProject
Project("{FAE04EC0-301F-11D3-BF4B-00C04F79EFBC}") = "DrumsAcademy.Mvp", "DrumsAcademy.Mvp\DrumsAcademy.Mvp.csproj", "{9EE23EE2-E0C2-4727-9D91-444800D52D79}"
EndProject
Project("{FAE04EC0-301F-11D3-BF4B-00C04F79EFBC}") = "DrumsAcademy.Data", "DrumsAcademy.Data\DrumsAcademy.Data.csproj", "{5D017A44-98EA-4FFE-8603-E1E73E2391C3}"
EndProject
Project("{FAE04EC0-301F-11D3-BF4B-00C04F79EFBC}") = "DrumsAcademy.Data.Contracts", "DrumsAcademy.Data.Contracts\DrumsAcademy.Data.Contracts.csproj", "{05D9B228-3399-47C4-897E-24F7F871640E}"
EndProject
Project("{2150E333-8FDC-42A3-9474-1A3956D46DE8}") = "HtmlErrorPages", "HtmlErrorPages", "{04942F55-5D3E-415E-B2C6-3BC09E8B79C7}"
	ProjectSection(SolutionItems) = preProject
		400.html = 400.html
		404.html = 404.html
		500.html = 500.html
	EndProjectSection
EndProject
Project("{2150E333-8FDC-42A3-9474-1A3956D46DE8}") = "Service", "Service", "{15282AF2-5BD8-42FA-9FA7-D7BCD1ED0A68}"
EndProject
Project("{FAE04EC0-301F-11D3-BF4B-00C04F79EFBC}") = "DrumsAcademy.Services", "DrumsAcademy.Services\DrumsAcademy.Services.csproj", "{7A440616-8019-4C92-ADB1-620EABF253B7}"
EndProject
Project("{FAE04EC0-301F-11D3-BF4B-00C04F79EFBC}") = "DrumsAcademy.Services.Tests", "DrumsAcademy.Services.Tests\DrumsAcademy.Services.Tests.csproj", "{14AA4749-A1EA-4F3C-A2CD-01C762480278}"
EndProject
Global
	GlobalSection(SolutionConfigurationPlatforms) = preSolution
		Debug|Any CPU = Debug|Any CPU
		Release|Any CPU = Release|Any CPU
	EndGlobalSection
	GlobalSection(ProjectConfigurationPlatforms) = postSolution
		{4C32FAED-9C8A-47E0-8DDF-D930C30C02A5}.Debug|Any CPU.ActiveCfg = Debug|Any CPU
		{4C32FAED-9C8A-47E0-8DDF-D930C30C02A5}.Debug|Any CPU.Build.0 = Debug|Any CPU
		{4C32FAED-9C8A-47E0-8DDF-D930C30C02A5}.Release|Any CPU.ActiveCfg = Release|Any CPU
		{4C32FAED-9C8A-47E0-8DDF-D930C30C02A5}.Release|Any CPU.Build.0 = Release|Any CPU
		{69FFE1AE-7AC8-4520-BBF1-AF735A2FCE38}.Debug|Any CPU.ActiveCfg = Debug|Any CPU
		{69FFE1AE-7AC8-4520-BBF1-AF735A2FCE38}.Debug|Any CPU.Build.0 = Debug|Any CPU
		{69FFE1AE-7AC8-4520-BBF1-AF735A2FCE38}.Release|Any CPU.ActiveCfg = Release|Any CPU
		{69FFE1AE-7AC8-4520-BBF1-AF735A2FCE38}.Release|Any CPU.Build.0 = Release|Any CPU
		{F377A03D-159D-46E1-BDD2-A0E83468E0F5}.Debug|Any CPU.ActiveCfg = Debug|Any CPU
		{F377A03D-159D-46E1-BDD2-A0E83468E0F5}.Debug|Any CPU.Build.0 = Debug|Any CPU
		{F377A03D-159D-46E1-BDD2-A0E83468E0F5}.Release|Any CPU.ActiveCfg = Release|Any CPU
		{F377A03D-159D-46E1-BDD2-A0E83468E0F5}.Release|Any CPU.Build.0 = Release|Any CPU
		{F550C2A6-2D23-4D8C-8050-3C27364441D4}.Debug|Any CPU.ActiveCfg = Debug|Any CPU
		{F550C2A6-2D23-4D8C-8050-3C27364441D4}.Debug|Any CPU.Build.0 = Debug|Any CPU
		{F550C2A6-2D23-4D8C-8050-3C27364441D4}.Release|Any CPU.ActiveCfg = Release|Any CPU
		{F550C2A6-2D23-4D8C-8050-3C27364441D4}.Release|Any CPU.Build.0 = Release|Any CPU
		{9EE23EE2-E0C2-4727-9D91-444800D52D79}.Debug|Any CPU.ActiveCfg = Debug|Any CPU
		{9EE23EE2-E0C2-4727-9D91-444800D52D79}.Debug|Any CPU.Build.0 = Debug|Any CPU
		{9EE23EE2-E0C2-4727-9D91-444800D52D79}.Release|Any CPU.ActiveCfg = Release|Any CPU
		{9EE23EE2-E0C2-4727-9D91-444800D52D79}.Release|Any CPU.Build.0 = Release|Any CPU
		{5D017A44-98EA-4FFE-8603-E1E73E2391C3}.Debug|Any CPU.ActiveCfg = Debug|Any CPU
		{5D017A44-98EA-4FFE-8603-E1E73E2391C3}.Debug|Any CPU.Build.0 = Debug|Any CPU
		{5D017A44-98EA-4FFE-8603-E1E73E2391C3}.Release|Any CPU.ActiveCfg = Release|Any CPU
		{5D017A44-98EA-4FFE-8603-E1E73E2391C3}.Release|Any CPU.Build.0 = Release|Any CPU
		{05D9B228-3399-47C4-897E-24F7F871640E}.Debug|Any CPU.ActiveCfg = Debug|Any CPU
		{05D9B228-3399-47C4-897E-24F7F871640E}.Debug|Any CPU.Build.0 = Debug|Any CPU
		{05D9B228-3399-47C4-897E-24F7F871640E}.Release|Any CPU.ActiveCfg = Release|Any CPU
		{05D9B228-3399-47C4-897E-24F7F871640E}.Release|Any CPU.Build.0 = Release|Any CPU
		{7A440616-8019-4C92-ADB1-620EABF253B7}.Debug|Any CPU.ActiveCfg = Debug|Any CPU
		{7A440616-8019-4C92-ADB1-620EABF253B7}.Debug|Any CPU.Build.0 = Debug|Any CPU
		{7A440616-8019-4C92-ADB1-620EABF253B7}.Release|Any CPU.ActiveCfg = Release|Any CPU
		{7A440616-8019-4C92-ADB1-620EABF253B7}.Release|Any CPU.Build.0 = Release|Any CPU
		{14AA4749-A1EA-4F3C-A2CD-01C762480278}.Debug|Any CPU.ActiveCfg = Debug|Any CPU
		{14AA4749-A1EA-4F3C-A2CD-01C762480278}.Debug|Any CPU.Build.0 = Debug|Any CPU
		{14AA4749-A1EA-4F3C-A2CD-01C762480278}.Release|Any CPU.ActiveCfg = Release|Any CPU
		{14AA4749-A1EA-4F3C-A2CD-01C762480278}.Release|Any CPU.Build.0 = Release|Any CPU
	EndGlobalSection
	GlobalSection(SolutionProperties) = preSolution
		HideSolutionNode = FALSE
	EndGlobalSection
	GlobalSection(NestedProjects) = preSolution
		{4C32FAED-9C8A-47E0-8DDF-D930C30C02A5} = {934490D7-75FF-4B71-A4A2-3E6645075328}
		{69FFE1AE-7AC8-4520-BBF1-AF735A2FCE38} = {79C5A53A-68E0-437B-9942-3065D8584FE4}
		{F377A03D-159D-46E1-BDD2-A0E83468E0F5} = {75C82987-876D-4A3A-8453-AE8710BCC740}
		{F550C2A6-2D23-4D8C-8050-3C27364441D4} = {A4A7DD98-44C9-4C16-97BD-AA67B4368FE3}
		{A7EABFC6-4D7F-4B12-9BC6-DA832785B36D} = {934490D7-75FF-4B71-A4A2-3E6645075328}
		{9EE23EE2-E0C2-4727-9D91-444800D52D79} = {A50BF568-31B5-415E-841E-F992EF9A996A}
		{5D017A44-98EA-4FFE-8603-E1E73E2391C3} = {79C5A53A-68E0-437B-9942-3065D8584FE4}
		{05D9B228-3399-47C4-897E-24F7F871640E} = {79C5A53A-68E0-437B-9942-3065D8584FE4}
		{04942F55-5D3E-415E-B2C6-3BC09E8B79C7} = {A7EABFC6-4D7F-4B12-9BC6-DA832785B36D}
		{7A440616-8019-4C92-ADB1-620EABF253B7} = {15282AF2-5BD8-42FA-9FA7-D7BCD1ED0A68}
		{14AA4749-A1EA-4F3C-A2CD-01C762480278} = {D0BCA221-3F78-44D5-9197-F74AD44F2B59}
	EndGlobalSection
EndGlobal
